
Microsoft Visual Studio Solution File, Format Version 12.00
# Visual Studio Version 16
VisualStudioVersion = 16.0.32510.428
MinimumVisualStudioVersion = 10.0.40219.1
Project("{FAE04EC0-301F-11D3-BF4B-00C04F79EFBC}") = "Words", "Words.csproj", "{D08EFF06-B12D-4A2E-8CE4-1C1595C8CDB5}"
EndProject
Global
	GlobalSection(SolutionConfigurationPlatforms) = preSolution
		Debug|Any CPU = Debug|Any CPU
		Release|Any CPU = Release|Any CPU
	EndGlobalSection
	GlobalSection(ProjectConfigurationPlatforms) = postSolution
		{D08EFF06-B12D-4A2E-8CE4-1C1595C8CDB5}.Debug|Any CPU.ActiveCfg = Debug|Any CPU
		{D08EFF06-B12D-4A2E-8CE4-1C1595C8CDB5}.Debug|Any CPU.Build.0 = Debug|Any CPU
		{D08EFF06-B12D-4A2E-8CE4-1C1595C8CDB5}.Release|Any CPU.ActiveCfg = Release|Any CPU
		{D08EFF06-B12D-4A2E-8CE4-1C1595C8CDB5}.Release|Any CPU.Build.0 = Release|Any CPU
	EndGlobalSection
	GlobalSection(SolutionProperties) = preSolution
		HideSolutionNode = FALSE
	EndGlobalSection
	GlobalSection(ExtensibilityGlobals) = postSolution
		SolutionGuid = {6F15BB39-4ADE-40F3-8004-FA58E633B6DB}
	EndGlobalSection
EndGlobal
